// !$*UTF8*$!
{
	archiveVersion = 1;
	classes = {
	};
	objectVersion = 50;
	objects = {

/* Begin PBXBuildFile section */
		CB33687521B4984B0033E4B6 /* AppDelegate.swift in Sources */ = {isa = PBXBuildFile; fileRef = CB33687421B4984B0033E4B6 /* AppDelegate.swift */; };
		CB33687721B4984B0033E4B6 /* LoginViewController.swift in Sources */ = {isa = PBXBuildFile; fileRef = CB33687621B4984B0033E4B6 /* LoginViewController.swift */; };
		CB33687A21B4984B0033E4B6 /* Main.storyboard in Resources */ = {isa = PBXBuildFile; fileRef = CB33687821B4984B0033E4B6 /* Main.storyboard */; };
		CB33687C21B4984C0033E4B6 /* Assets.xcassets in Resources */ = {isa = PBXBuildFile; fileRef = CB33687B21B4984C0033E4B6 /* Assets.xcassets */; };
		CB33687F21B4984C0033E4B6 /* LaunchScreen.storyboard in Resources */ = {isa = PBXBuildFile; fileRef = CB33687D21B4984C0033E4B6 /* LaunchScreen.storyboard */; };
		CB33688A21B4BAAD0033E4B6 /* InfoPostViewController.swift in Sources */ = {isa = PBXBuildFile; fileRef = CB33688921B4BAAD0033E4B6 /* InfoPostViewController.swift */; };
		CB33688C21B4BAD60033E4B6 /* MapViewController.swift in Sources */ = {isa = PBXBuildFile; fileRef = CB33688B21B4BAD60033E4B6 /* MapViewController.swift */; };
		CB33688E21B4BB8C0033E4B6 /* StudentsTableViewController.swift in Sources */ = {isa = PBXBuildFile; fileRef = CB33688D21B4BB8C0033E4B6 /* StudentsTableViewController.swift */; };
		CB33689221B4BDC40033E4B6 /* ParseClient.swift in Sources */ = {isa = PBXBuildFile; fileRef = CB33689121B4BDC40033E4B6 /* ParseClient.swift */; };
		CB33689421B4BDCF0033E4B6 /* UdacityClient.swift in Sources */ = {isa = PBXBuildFile; fileRef = CB33689321B4BDCF0033E4B6 /* UdacityClient.swift */; };
		CB33689921B5FBB70033E4B6 /* StudentLocation.swift in Sources */ = {isa = PBXBuildFile; fileRef = CB33689821B5FBB70033E4B6 /* StudentLocation.swift */; };
		CB33689C21B600C70033E4B6 /* ParseResponse.swift in Sources */ = {isa = PBXBuildFile; fileRef = CB33689B21B600C70033E4B6 /* ParseResponse.swift */; };
		CB3368A121B634B30033E4B6 /* UIViewController+Alert.swift in Sources */ = {isa = PBXBuildFile; fileRef = CB3368A021B634B30033E4B6 /* UIViewController+Alert.swift */; };
/* End PBXBuildFile section */

/* Begin PBXFileReference section */
		CB33687121B4984B0033E4B6 /* On the Map.app */ = {isa = PBXFileReference; explicitFileType = wrapper.application; includeInIndex = 0; path = "On the Map.app"; sourceTree = BUILT_PRODUCTS_DIR; };
		CB33687421B4984B0033E4B6 /* AppDelegate.swift */ = {isa = PBXFileReference; lastKnownFileType = sourcecode.swift; path = AppDelegate.swift; sourceTree = "<group>"; };
		CB33687621B4984B0033E4B6 /* LoginViewController.swift */ = {isa = PBXFileReference; lastKnownFileType = sourcecode.swift; path = LoginViewController.swift; sourceTree = "<group>"; };
		CB33687921B4984B0033E4B6 /* Base */ = {isa = PBXFileReference; lastKnownFileType = file.storyboard; name = Base; path = Base.lproj/Main.storyboard; sourceTree = "<group>"; };
		CB33687B21B4984C0033E4B6 /* Assets.xcassets */ = {isa = PBXFileReference; lastKnownFileType = folder.assetcatalog; path = Assets.xcassets; sourceTree = "<group>"; };
		CB33687E21B4984C0033E4B6 /* Base */ = {isa = PBXFileReference; lastKnownFileType = file.storyboard; name = Base; path = Base.lproj/LaunchScreen.storyboard; sourceTree = "<group>"; };
		CB33688021B4984C0033E4B6 /* Info.plist */ = {isa = PBXFileReference; lastKnownFileType = text.plist.xml; path = Info.plist; sourceTree = "<group>"; };
		CB33688921B4BAAD0033E4B6 /* InfoPostViewController.swift */ = {isa = PBXFileReference; lastKnownFileType = sourcecode.swift; path = InfoPostViewController.swift; sourceTree = "<group>"; };
		CB33688B21B4BAD60033E4B6 /* MapViewController.swift */ = {isa = PBXFileReference; lastKnownFileType = sourcecode.swift; path = MapViewController.swift; sourceTree = "<group>"; };
		CB33688D21B4BB8C0033E4B6 /* StudentsTableViewController.swift */ = {isa = PBXFileReference; lastKnownFileType = sourcecode.swift; path = StudentsTableViewController.swift; sourceTree = "<group>"; };
		CB33689121B4BDC40033E4B6 /* ParseClient.swift */ = {isa = PBXFileReference; lastKnownFileType = sourcecode.swift; path = ParseClient.swift; sourceTree = "<group>"; };
		CB33689321B4BDCF0033E4B6 /* UdacityClient.swift */ = {isa = PBXFileReference; lastKnownFileType = sourcecode.swift; path = UdacityClient.swift; sourceTree = "<group>"; };
		CB33689821B5FBB70033E4B6 /* StudentLocation.swift */ = {isa = PBXFileReference; lastKnownFileType = sourcecode.swift; path = StudentLocation.swift; sourceTree = "<group>"; };
		CB33689B21B600C70033E4B6 /* ParseResponse.swift */ = {isa = PBXFileReference; lastKnownFileType = sourcecode.swift; path = ParseResponse.swift; sourceTree = "<group>"; };
		CB3368A021B634B30033E4B6 /* UIViewController+Alert.swift */ = {isa = PBXFileReference; fileEncoding = 4; lastKnownFileType = sourcecode.swift; path = "UIViewController+Alert.swift"; sourceTree = "<group>"; };
/* End PBXFileReference section */

/* Begin PBXFrameworksBuildPhase section */
		CB33686E21B4984B0033E4B6 /* Frameworks */ = {
			isa = PBXFrameworksBuildPhase;
			buildActionMask = 2147483647;
			files = (
			);
			runOnlyForDeploymentPostprocessing = 0;
		};
/* End PBXFrameworksBuildPhase section */

/* Begin PBXGroup section */
		CB33686821B4984B0033E4B6 = {
			isa = PBXGroup;
			children = (
				CB33687321B4984B0033E4B6 /* On the Map */,
				CB33687221B4984B0033E4B6 /* Products */,
			);
			sourceTree = "<group>";
		};
		CB33687221B4984B0033E4B6 /* Products */ = {
			isa = PBXGroup;
			children = (
				CB33687121B4984B0033E4B6 /* On the Map.app */,
			);
			name = Products;
			sourceTree = "<group>";
		};
		CB33687321B4984B0033E4B6 /* On the Map */ = {
			isa = PBXGroup;
			children = (
				CB33688621B498690033E4B6 /* Controllers */,
				CB33688721B4987F0033E4B6 /* Models */,
				CB33688821B498900033E4B6 /* Views */,
				CB33689D21B634440033E4B6 /* Extensions */,
				CB33687421B4984B0033E4B6 /* AppDelegate.swift */,
				CB33688021B4984C0033E4B6 /* Info.plist */,
			);
			path = "On the Map";
			sourceTree = "<group>";
		};
		CB33688621B498690033E4B6 /* Controllers */ = {
			isa = PBXGroup;
			children = (
				CB33687621B4984B0033E4B6 /* LoginViewController.swift */,
				CB33688921B4BAAD0033E4B6 /* InfoPostViewController.swift */,
				CB33688B21B4BAD60033E4B6 /* MapViewController.swift */,
				CB33688D21B4BB8C0033E4B6 /* StudentsTableViewController.swift */,
			);
			path = Controllers;
			sourceTree = "<group>";
		};
		CB33688721B4987F0033E4B6 /* Models */ = {
			isa = PBXGroup;
			children = (
				CB33689721B5FB9B0033E4B6 /* Data */,
				CB33689021B4BDA60033E4B6 /* Udacity Client */,
				CB33688F21B4BD970033E4B6 /* Parse Client */,
				CB33689A21B5FCAC0033E4B6 /* Parse Responses */,
			);
			path = Models;
			sourceTree = "<group>";
		};
		CB33688821B498900033E4B6 /* Views */ = {
			isa = PBXGroup;
			children = (
				CB33687821B4984B0033E4B6 /* Main.storyboard */,
				CB33687B21B4984C0033E4B6 /* Assets.xcassets */,
				CB33687D21B4984C0033E4B6 /* LaunchScreen.storyboard */,
			);
			path = Views;
			sourceTree = "<group>";
		};
		CB33688F21B4BD970033E4B6 /* Parse Client */ = {
			isa = PBXGroup;
			children = (
				CB33689121B4BDC40033E4B6 /* ParseClient.swift */,
			);
			path = "Parse Client";
			sourceTree = "<group>";
		};
		CB33689021B4BDA60033E4B6 /* Udacity Client */ = {
			isa = PBXGroup;
			children = (
				CB33689321B4BDCF0033E4B6 /* UdacityClient.swift */,
			);
			path = "Udacity Client";
			sourceTree = "<group>";
		};
		CB33689721B5FB9B0033E4B6 /* Data */ = {
			isa = PBXGroup;
			children = (
			);
			path = Data;
			sourceTree = "<group>";
		};
		CB33689A21B5FCAC0033E4B6 /* Parse Responses */ = {
			isa = PBXGroup;
			children = (
				CB33689821B5FBB70033E4B6 /* StudentLocation.swift */,
				CB33689B21B600C70033E4B6 /* ParseResponse.swift */,
			);
			path = "Parse Responses";
			sourceTree = "<group>";
		};
		CB33689D21B634440033E4B6 /* Extensions */ = {
			isa = PBXGroup;
			children = (
				CB3368A021B634B30033E4B6 /* UIViewController+Alert.swift */,
			);
			path = Extensions;
			sourceTree = "<group>";
		};
/* End PBXGroup section */

/* Begin PBXNativeTarget section */
		CB33687021B4984B0033E4B6 /* On the Map */ = {
			isa = PBXNativeTarget;
			buildConfigurationList = CB33688321B4984C0033E4B6 /* Build configuration list for PBXNativeTarget "On the Map" */;
			buildPhases = (
				CB33686D21B4984B0033E4B6 /* Sources */,
				CB33686E21B4984B0033E4B6 /* Frameworks */,
				CB33686F21B4984B0033E4B6 /* Resources */,
			);
			buildRules = (
			);
			dependencies = (
			);
			name = "On the Map";
			productName = "On the Map";
			productReference = CB33687121B4984B0033E4B6 /* On the Map.app */;
			productType = "com.apple.product-type.application";
		};
/* End PBXNativeTarget section */

/* Begin PBXProject section */
		CB33686921B4984B0033E4B6 /* Project object */ = {
			isa = PBXProject;
			attributes = {
				LastSwiftUpdateCheck = 1010;
				LastUpgradeCheck = 1010;
				ORGANIZATIONNAME = Kbotei;
				TargetAttributes = {
					CB33687021B4984B0033E4B6 = {
						CreatedOnToolsVersion = 10.1;
					};
				};
			};
			buildConfigurationList = CB33686C21B4984B0033E4B6 /* Build configuration list for PBXProject "On the Map" */;
			compatibilityVersion = "Xcode 9.3";
			developmentRegion = en;
			hasScannedForEncodings = 0;
			knownRegions = (
				en,
				Base,
			);
			mainGroup = CB33686821B4984B0033E4B6;
			productRefGroup = CB33687221B4984B0033E4B6 /* Products */;
			projectDirPath = "";
			projectRoot = "";
			targets = (
				CB33687021B4984B0033E4B6 /* On the Map */,
			);
		};
/* End PBXProject section */

/* Begin PBXResourcesBuildPhase section */
		CB33686F21B4984B0033E4B6 /* Resources */ = {
			isa = PBXResourcesBuildPhase;
			buildActionMask = 2147483647;
			files = (
				CB33687F21B4984C0033E4B6 /* LaunchScreen.storyboard in Resources */,
				CB33687C21B4984C0033E4B6 /* Assets.xcassets in Resources */,
				CB33687A21B4984B0033E4B6 /* Main.storyboard in Resources */,
			);
			runOnlyForDeploymentPostprocessing = 0;
		};
/* End PBXResourcesBuildPhase section */

/* Begin PBXSourcesBuildPhase section */
		CB33686D21B4984B0033E4B6 /* Sources */ = {
			isa = PBXSourcesBuildPhase;
			buildActionMask = 2147483647;
			files = (
				CB33689921B5FBB70033E4B6 /* StudentLocation.swift in Sources */,
				CB33689221B4BDC40033E4B6 /* ParseClient.swift in Sources */,
				CB33687721B4984B0033E4B6 /* LoginViewController.swift in Sources */,
				CB33688A21B4BAAD0033E4B6 /* InfoPostViewController.swift in Sources */,
				CB33689C21B600C70033E4B6 /* ParseResponse.swift in Sources */,
				CB3368A121B634B30033E4B6 /* UIViewController+Alert.swift in Sources */,
				CB33687521B4984B0033E4B6 /* AppDelegate.swift in Sources */,
				CB33688E21B4BB8C0033E4B6 /* StudentsTableViewController.swift in Sources */,
				CB33689421B4BDCF0033E4B6 /* UdacityClient.swift in Sources */,
				CB33688C21B4BAD60033E4B6 /* MapViewController.swift in Sources */,
			);
			runOnlyForDeploymentPostprocessing = 0;
		};
/* End PBXSourcesBuildPhase section */

/* Begin PBXVariantGroup section */
		CB33687821B4984B0033E4B6 /* Main.storyboard */ = {
			isa = PBXVariantGroup;
			children = (
				CB33687921B4984B0033E4B6 /* Base */,
			);
			name = Main.storyboard;
			sourceTree = "<group>";
		};
		CB33687D21B4984C0033E4B6 /* LaunchScreen.storyboard */ = {
			isa = PBXVariantGroup;
			children = (
				CB33687E21B4984C0033E4B6 /* Base */,
			);
			name = LaunchScreen.storyboard;
			sourceTree = "<group>";
		};
/* End PBXVariantGroup section */

/* Begin XCBuildConfiguration section */
		CB33688121B4984C0033E4B6 /* Debug */ = {
			isa = XCBuildConfiguration;
			buildSettings = {
				ALWAYS_SEARCH_USER_PATHS = NO;
				CLANG_ANALYZER_NONNULL = YES;
				CLANG_ANALYZER_NUMBER_OBJECT_CONVERSION = YES_AGGRESSIVE;
				CLANG_CXX_LANGUAGE_STANDARD = "gnu++14";
				CLANG_CXX_LIBRARY = "libc++";
				CLANG_ENABLE_MODULES = YES;
				CLANG_ENABLE_OBJC_ARC = YES;
				CLANG_ENABLE_OBJC_WEAK = YES;
				CLANG_WARN_BLOCK_CAPTURE_AUTORELEASING = YES;
				CLANG_WARN_BOOL_CONVERSION = YES;
				CLANG_WARN_COMMA = YES;
				CLANG_WARN_CONSTANT_CONVERSION = YES;
				CLANG_WARN_DEPRECATED_OBJC_IMPLEMENTATIONS = YES;
				CLANG_WARN_DIRECT_OBJC_ISA_USAGE = YES_ERROR;
				CLANG_WARN_DOCUMENTATION_COMMENTS = YES;
				CLANG_WARN_EMPTY_BODY = YES;
				CLANG_WARN_ENUM_CONVERSION = YES;
				CLANG_WARN_INFINITE_RECURSION = YES;
				CLANG_WARN_INT_CONVERSION = YES;
				CLANG_WARN_NON_LITERAL_NULL_CONVERSION = YES;
				CLANG_WARN_OBJC_IMPLICIT_RETAIN_SELF = YES;
				CLANG_WARN_OBJC_LITERAL_CONVERSION = YES;
				CLANG_WARN_OBJC_ROOT_CLASS = YES_ERROR;
				CLANG_WARN_RANGE_LOOP_ANALYSIS = YES;
				CLANG_WARN_STRICT_PROTOTYPES = YES;
				CLANG_WARN_SUSPICIOUS_MOVE = YES;
				CLANG_WARN_UNGUARDED_AVAILABILITY = YES_AGGRESSIVE;
				CLANG_WARN_UNREACHABLE_CODE = YES;
				CLANG_WARN__DUPLICATE_METHOD_MATCH = YES;
				CODE_SIGN_IDENTITY = "iPhone Developer";
				COPY_PHASE_STRIP = NO;
				DEBUG_INFORMATION_FORMAT = dwarf;
				ENABLE_STRICT_OBJC_MSGSEND = YES;
				ENABLE_TESTABILITY = YES;
				GCC_C_LANGUAGE_STANDARD = gnu11;
				GCC_DYNAMIC_NO_PIC = NO;
				GCC_NO_COMMON_BLOCKS = YES;
				GCC_OPTIMIZATION_LEVEL = 0;
				GCC_PREPROCESSOR_DEFINITIONS = (
					"DEBUG=1",
					"$(inherited)",
				);
				GCC_WARN_64_TO_32_BIT_CONVERSION = YES;
				GCC_WARN_ABOUT_RETURN_TYPE = YES_ERROR;
				GCC_WARN_UNDECLARED_SELECTOR = YES;
				GCC_WARN_UNINITIALIZED_AUTOS = YES_AGGRESSIVE;
				GCC_WARN_UNUSED_FUNCTION = YES;
				GCC_WARN_UNUSED_VARIABLE = YES;
				IPHONEOS_DEPLOYMENT_TARGET = 12.1;
				MTL_ENABLE_DEBUG_INFO = INCLUDE_SOURCE;
				MTL_FAST_MATH = YES;
				ONLY_ACTIVE_ARCH = YES;
				SDKROOT = iphoneos;
				SWIFT_ACTIVE_COMPILATION_CONDITIONS = DEBUG;
				SWIFT_OPTIMIZATION_LEVEL = "-Onone";
			};
			name = Debug;
		};
		CB33688221B4984C0033E4B6 /* Release */ = {
			isa = XCBuildConfiguration;
			buildSettings = {
				ALWAYS_SEARCH_USER_PATHS = NO;
				CLANG_ANALYZER_NONNULL = YES;
				CLANG_ANALYZER_NUMBER_OBJECT_CONVERSION = YES_AGGRESSIVE;
				CLANG_CXX_LANGUAGE_STANDARD = "gnu++14";
				CLANG_CXX_LIBRARY = "libc++";
				CLANG_ENABLE_MODULES = YES;
				CLANG_ENABLE_OBJC_ARC = YES;
				CLANG_ENABLE_OBJC_WEAK = YES;
				CLANG_WARN_BLOCK_CAPTURE_AUTORELEASING = YES;
				CLANG_WARN_BOOL_CONVERSION = YES;
				CLANG_WARN_COMMA = YES;
				CLANG_WARN_CONSTANT_CONVERSION = YES;
				CLANG_WARN_DEPRECATED_OBJC_IMPLEMENTATIONS = YES;
				CLANG_WARN_DIRECT_OBJC_ISA_USAGE = YES_ERROR;
				CLANG_WARN_DOCUMENTATION_COMMENTS = YES;
				CLANG_WARN_EMPTY_BODY = YES;
				CLANG_WARN_ENUM_CONVERSION = YES;
				CLANG_WARN_INFINITE_RECURSION = YES;
				CLANG_WARN_INT_CONVERSION = YES;
				CLANG_WARN_NON_LITERAL_NULL_CONVERSION = YES;
				CLANG_WARN_OBJC_IMPLICIT_RETAIN_SELF = YES;
				CLANG_WARN_OBJC_LITERAL_CONVERSION = YES;
				CLANG_WARN_OBJC_ROOT_CLASS = YES_ERROR;
				CLANG_WARN_RANGE_LOOP_ANALYSIS = YES;
				CLANG_WARN_STRICT_PROTOTYPES = YES;
				CLANG_WARN_SUSPICIOUS_MOVE = YES;
				CLANG_WARN_UNGUARDED_AVAILABILITY = YES_AGGRESSIVE;
				CLANG_WARN_UNREACHABLE_CODE = YES;
				CLANG_WARN__DUPLICATE_METHOD_MATCH = YES;
				CODE_SIGN_IDENTITY = "iPhone Developer";
				COPY_PHASE_STRIP = NO;
				DEBUG_INFORMATION_FORMAT = "dwarf-with-dsym";
				ENABLE_NS_ASSERTIONS = NO;
				ENABLE_STRICT_OBJC_MSGSEND = YES;
				GCC_C_LANGUAGE_STANDARD = gnu11;
				GCC_NO_COMMON_BLOCKS = YES;
				GCC_WARN_64_TO_32_BIT_CONVERSION = YES;
				GCC_WARN_ABOUT_RETURN_TYPE = YES_ERROR;
				GCC_WARN_UNDECLARED_SELECTOR = YES;
				GCC_WARN_UNINITIALIZED_AUTOS = YES_AGGRESSIVE;
				GCC_WARN_UNUSED_FUNCTION = YES;
				GCC_WARN_UNUSED_VARIABLE = YES;
				IPHONEOS_DEPLOYMENT_TARGET = 12.1;
				MTL_ENABLE_DEBUG_INFO = NO;
				MTL_FAST_MATH = YES;
				SDKROOT = iphoneos;
				SWIFT_COMPILATION_MODE = wholemodule;
				SWIFT_OPTIMIZATION_LEVEL = "-O";
				VALIDATE_PRODUCT = YES;
			};
			name = Release;
		};
		CB33688421B4984C0033E4B6 /* Debug */ = {
			isa = XCBuildConfiguration;
			buildSettings = {
				ASSETCATALOG_COMPILER_APPICON_NAME = AppIcon;
				CODE_SIGN_STYLE = Automatic;
				DEVELOPMENT_TEAM = KWQQQSZ7QV;
				INFOPLIST_FILE = "On the Map/Info.plist";
				LD_RUNPATH_SEARCH_PATHS = (
					"$(inherited)",
					"@executable_path/Frameworks",
				);
				PRODUCT_BUNDLE_IDENTIFIER = "kbotei.On-the-Map";
				PRODUCT_NAME = "$(TARGET_NAME)";
				SWIFT_VERSION = 4.2;
				TARGETED_DEVICE_FAMILY = "1,2";
			};
			name = Debug;
		};
		CB33688521B4984C0033E4B6 /* Release */ = {
			isa = XCBuildConfiguration;
			buildSettings = {
				ASSETCATALOG_COMPILER_APPICON_NAME = AppIcon;
				CODE_SIGN_STYLE = Automatic;
				DEVELOPMENT_TEAM = KWQQQSZ7QV;
				INFOPLIST_FILE = "On the Map/Info.plist";
				LD_RUNPATH_SEARCH_PATHS = (
					"$(inherited)",
					"@executable_path/Frameworks",
				);
				PRODUCT_BUNDLE_IDENTIFIER = "kbotei.On-the-Map";
				PRODUCT_NAME = "$(TARGET_NAME)";
				SWIFT_VERSION = 4.2;
				TARGETED_DEVICE_FAMILY = "1,2";
			};
			name = Release;
		};
/* End XCBuildConfiguration section */

/* Begin XCConfigurationList section */
		CB33686C21B4984B0033E4B6 /* Build configuration list for PBXProject "On the Map" */ = {
			isa = XCConfigurationList;
			buildConfigurations = (
				CB33688121B4984C0033E4B6 /* Debug */,
				CB33688221B4984C0033E4B6 /* Release */,
			);
			defaultConfigurationIsVisible = 0;
			defaultConfigurationName = Release;
		};
		CB33688321B4984C0033E4B6 /* Build configuration list for PBXNativeTarget "On the Map" */ = {
			isa = XCConfigurationList;
			buildConfigurations = (
				CB33688421B4984C0033E4B6 /* Debug */,
				CB33688521B4984C0033E4B6 /* Release */,
			);
			defaultConfigurationIsVisible = 0;
			defaultConfigurationName = Release;
		};
/* End XCConfigurationList section */
	};
	rootObject = CB33686921B4984B0033E4B6 /* Project object */;
}
